
Microsoft Visual Studio Solution File, Format Version 11.00
# Visual Studio 2010
Project("{FAE04EC0-301F-11D3-BF4B-00C04F79EFBC}") = "racegame", "racegame\racegame\racegame.csproj", "{8EBABBA0-86D8-4EE1-9F6F-AF9A9B7EAE6B}"
EndProject
Project("{96E2B04D-8817-42C6-938A-82C39BA4D311}") = "racegameContent", "racegame\racegameContent\racegameContent.contentproj", "{6E136D61-BE3C-43D7-AABC-FE0505A2A55C}"
EndProject
Global
	GlobalSection(SolutionConfigurationPlatforms) = preSolution
		Debug|x86 = Debug|x86
		Release|x86 = Release|x86
	EndGlobalSection
	GlobalSection(ProjectConfigurationPlatforms) = postSolution
		{8EBABBA0-86D8-4EE1-9F6F-AF9A9B7EAE6B}.Debug|x86.ActiveCfg = Debug|x86
		{8EBABBA0-86D8-4EE1-9F6F-AF9A9B7EAE6B}.Debug|x86.Build.0 = Debug|x86
		{8EBABBA0-86D8-4EE1-9F6F-AF9A9B7EAE6B}.Release|x86.ActiveCfg = Release|x86
		{8EBABBA0-86D8-4EE1-9F6F-AF9A9B7EAE6B}.Release|x86.Build.0 = Release|x86
		{6E136D61-BE3C-43D7-AABC-FE0505A2A55C}.Debug|x86.ActiveCfg = Debug|x86
		{6E136D61-BE3C-43D7-AABC-FE0505A2A55C}.Release|x86.ActiveCfg = Release|x86
	EndGlobalSection
	GlobalSection(SolutionProperties) = preSolution
		HideSolutionNode = FALSE
	EndGlobalSection
EndGlobal
